{
  "name": "classonv2",
  "version": "2.0.0",
  "lockfileVersion": 1,
  "requires": true,
  "dependencies": {
    "@types/jquery": {
      "version": "3.3.2",
      "resolved": "https://registry.npmjs.org/@types/jquery/-/jquery-3.3.2.tgz",
      "integrity": "sha512-ByZwKSEqteAta4VrIalqGJZmMq9lWPD3H3f5Xs6RR8B7zQRDPGUtjoKBYNtKTz/7LgBEQMdlxVbbjQfUaEIItA==",
      "dev": true
    },
    "@types/node": {
      "version": "10.3.2",
      "resolved": "https://registry.npmjs.org/@types/node/-/node-10.3.2.tgz",
      "integrity": "sha512-9NfEUDp3tgRhmoxzTpTo+lq+KIVFxZahuRX0LHF/9IzKHaWuoWsIrrJ61zw5cnnlGINX8lqJzXYfQTOICS5Q+A==",
      "dev": true
    },
    "@types/socket.io": {
      "version": "1.4.34",
      "resolved": "https://registry.npmjs.org/@types/socket.io/-/socket.io-1.4.34.tgz",
      "integrity": "sha512-f3CZ8AJak0WP71b+AOzx2jkNzpMg7po9zHOhoaAiY3p2Y4lfvnNIQ5b8SQ2NJSXeg2mVgwLz+VTRZnEq6dCNGw==",
      "dev": true,
      "requires": {
        "@types/node": "10.3.2"
      }
    },
    "@types/socket.io-client": {
      "version": "1.4.32",
      "resolved": "https://registry.npmjs.org/@types/socket.io-client/-/socket.io-client-1.4.32.tgz",
      "integrity": "sha512-Vs55Kq8F+OWvy1RLA31rT+cAyemzgm0EWNeax6BWF8H7QiiOYMJIdcwSDdm5LVgfEkoepsWkS+40+WNb7BUMbg=="
    },
    "easytimer.js": {
      "version": "2.2.2",
      "resolved": "https://registry.npmjs.org/easytimer.js/-/easytimer.js-2.2.2.tgz",
      "integrity": "sha512-2ZAAd+JVNVQt25G5O6iqhS69QZ+0LC/VD4Q+gyNzOYW1QDfdeWlorGrZK1AaJ48IpUJGuCfbSQHu+XwCM8MSAA==",
      "dev": true
    }
  }
}
